
Microsoft Visual Studio Solution File, Format Version 12.00
# Visual Studio Version 17
VisualStudioVersion = 17.8.34511.84
MinimumVisualStudioVersion = 10.0.40219.1
Project("{FAE04EC0-301F-11D3-BF4B-00C04F79EFBC}") = "GroupProject", "GroupProject\GroupProject.csproj", "{4356F3D2-CF0F-4CAD-B718-1996DDEEBE9A}"
EndProject
Global
	GlobalSection(SolutionConfigurationPlatforms) = preSolution
		Debug|Any CPU = Debug|Any CPU
		Release|Any CPU = Release|Any CPU
	EndGlobalSection
	GlobalSection(ProjectConfigurationPlatforms) = postSolution
		{4356F3D2-CF0F-4CAD-B718-1996DDEEBE9A}.Debug|Any CPU.ActiveCfg = Debug|Any CPU
		{4356F3D2-CF0F-4CAD-B718-1996DDEEBE9A}.Debug|Any CPU.Build.0 = Debug|Any CPU
		{4356F3D2-CF0F-4CAD-B718-1996DDEEBE9A}.Release|Any CPU.ActiveCfg = Release|Any CPU
		{4356F3D2-CF0F-4CAD-B718-1996DDEEBE9A}.Release|Any CPU.Build.0 = Release|Any CPU
	EndGlobalSection
	GlobalSection(SolutionProperties) = preSolution
		HideSolutionNode = FALSE
	EndGlobalSection
	GlobalSection(ExtensibilityGlobals) = postSolution
		SolutionGuid = {A2D04D45-94B8-4E63-8FB2-D896FD34C811}
	EndGlobalSection
EndGlobal
